
Microsoft Visual Studio Solution File, Format Version 12.00
# Visual Studio Version 17
VisualStudioVersion = 17.2.32630.192
MinimumVisualStudioVersion = 10.0.40219.1
Project("{FAE04EC0-301F-11D3-BF4B-00C04F79EFBC}") = "Login_page", "Login_page\Login_page.csproj", "{AB708658-1D71-49F6-A672-5EE77713D13B}"
EndProject
Global
	GlobalSection(SolutionConfigurationPlatforms) = preSolution
		Debug|Any CPU = Debug|Any CPU
		Release|Any CPU = Release|Any CPU
	EndGlobalSection
	GlobalSection(ProjectConfigurationPlatforms) = postSolution
		{AB708658-1D71-49F6-A672-5EE77713D13B}.Debug|Any CPU.ActiveCfg = Debug|Any CPU
		{AB708658-1D71-49F6-A672-5EE77713D13B}.Debug|Any CPU.Build.0 = Debug|Any CPU
		{AB708658-1D71-49F6-A672-5EE77713D13B}.Release|Any CPU.ActiveCfg = Release|Any CPU
		{AB708658-1D71-49F6-A672-5EE77713D13B}.Release|Any CPU.Build.0 = Release|Any CPU
	EndGlobalSection
	GlobalSection(SolutionProperties) = preSolution
		HideSolutionNode = FALSE
	EndGlobalSection
	GlobalSection(ExtensibilityGlobals) = postSolution
		SolutionGuid = {1AB14038-043B-4FC0-A81E-D7370E4E3CD4}
	EndGlobalSection
EndGlobal
